// !$*UTF8*$!
{
	archiveVersion = 1;
	classes = {
	};
	objectVersion = 50;
	objects = {

/* Begin PBXBuildFile section */
		B167A7B422AC61C400232266 /* AppDelegate.swift in Sources */ = {isa = PBXBuildFile; fileRef = B167A7B322AC61C400232266 /* AppDelegate.swift */; };
		B167A7B622AC61C400232266 /* SceneDelegate.swift in Sources */ = {isa = PBXBuildFile; fileRef = B167A7B522AC61C400232266 /* SceneDelegate.swift */; };
		B167A7BA22AC61C900232266 /* Assets.xcassets in Resources */ = {isa = PBXBuildFile; fileRef = B167A7B922AC61C900232266 /* Assets.xcassets */; };
		B167A7BD22AC61C900232266 /* Preview Assets.xcassets in Resources */ = {isa = PBXBuildFile; fileRef = B167A7BC22AC61C900232266 /* Preview Assets.xcassets */; };
		B167A7C022AC61C900232266 /* LaunchScreen.storyboard in Resources */ = {isa = PBXBuildFile; fileRef = B167A7BE22AC61C900232266 /* LaunchScreen.storyboard */; };
		B167A7CB22AC61C900232266 /* SwiftUIDemoTests.swift in Sources */ = {isa = PBXBuildFile; fileRef = B167A7CA22AC61C900232266 /* SwiftUIDemoTests.swift */; };
		B167A7D622AC61C900232266 /* SwiftUIDemoUITests.swift in Sources */ = {isa = PBXBuildFile; fileRef = B167A7D522AC61C900232266 /* SwiftUIDemoUITests.swift */; };
		B1DCF4A622AC784C00F08859 /* CircleImage.swift in Sources */ = {isa = PBXBuildFile; fileRef = B1DCF4A522AC784C00F08859 /* CircleImage.swift */; };
		B1DCF4A822AC78FC00F08859 /* MapView.swift in Sources */ = {isa = PBXBuildFile; fileRef = B1DCF4A722AC78FC00F08859 /* MapView.swift */; };
		B1DCF4B022AC973700F08859 /* LandmarkDetail.swift in Sources */ = {isa = PBXBuildFile; fileRef = B1DCF4AF22AC973700F08859 /* LandmarkDetail.swift */; };
		B1DCF4B222AC979400F08859 /* LandmarkRow.swift in Sources */ = {isa = PBXBuildFile; fileRef = B1DCF4B122AC979400F08859 /* LandmarkRow.swift */; };
		B1DCF4B622AC99BD00F08859 /* Landmark.swift in Sources */ = {isa = PBXBuildFile; fileRef = B1DCF4B522AC99BD00F08859 /* Landmark.swift */; };
		B1DCF4B822AC9BB200F08859 /* LandmarkList.swift in Sources */ = {isa = PBXBuildFile; fileRef = B1DCF4B722AC9BB200F08859 /* LandmarkList.swift */; };
		B1DCF4BE22ACA42600F08859 /* landmarkData.json in Sources */ = {isa = PBXBuildFile; fileRef = B1DCF4BD22ACA42600F08859 /* landmarkData.json */; };
		B1DCF4C022ACA8FA00F08859 /* UserData.swift in Sources */ = {isa = PBXBuildFile; fileRef = B1DCF4BF22ACA8FA00F08859 /* UserData.swift */; };
		B1DCF4C422AD0D3E00F08859 /* Badge.swift in Sources */ = {isa = PBXBuildFile; fileRef = B1DCF4C322AD0D3E00F08859 /* Badge.swift */; };
		B1DCF4C622AD0D8800F08859 /* HexagonParameters.swift in Sources */ = {isa = PBXBuildFile; fileRef = B1DCF4C522AD0D8800F08859 /* HexagonParameters.swift */; };
		B1DCF4C822AD122200F08859 /* BadgeBackground.swift in Sources */ = {isa = PBXBuildFile; fileRef = B1DCF4C722AD122200F08859 /* BadgeBackground.swift */; };
		B1DCF4CA22AD128B00F08859 /* BadgeSymbol.swift in Sources */ = {isa = PBXBuildFile; fileRef = B1DCF4C922AD128B00F08859 /* BadgeSymbol.swift */; };
		B1DCF4CC22AD12E300F08859 /* RotatedBadgeSymbol.swift in Sources */ = {isa = PBXBuildFile; fileRef = B1DCF4CB22AD12E300F08859 /* RotatedBadgeSymbol.swift */; };
		B1DCF4CE22AD30D200F08859 /* Data.swift in Sources */ = {isa = PBXBuildFile; fileRef = B1DCF4CD22AD30D200F08859 /* Data.swift */; };
		B1DCF4DB22AD311C00F08859 /* turtlerock.jpg in Resources */ = {isa = PBXBuildFile; fileRef = B1DCF4CF22AD311B00F08859 /* turtlerock.jpg */; };
		B1DCF4DC22AD311C00F08859 /* twinlake.jpg in Resources */ = {isa = PBXBuildFile; fileRef = B1DCF4D022AD311B00F08859 /* twinlake.jpg */; };
		B1DCF4DD22AD311C00F08859 /* chilkoottrail.jpg in Resources */ = {isa = PBXBuildFile; fileRef = B1DCF4D122AD311B00F08859 /* chilkoottrail.jpg */; };
		B1DCF4DE22AD311C00F08859 /* lakemcdonald.jpg in Resources */ = {isa = PBXBuildFile; fileRef = B1DCF4D222AD311B00F08859 /* lakemcdonald.jpg */; };
		B1DCF4DF22AD311C00F08859 /* hiddenlake.jpg in Resources */ = {isa = PBXBuildFile; fileRef = B1DCF4D322AD311B00F08859 /* hiddenlake.jpg */; };
		B1DCF4E022AD311C00F08859 /* rainbowlake.jpg in Resources */ = {isa = PBXBuildFile; fileRef = B1DCF4D422AD311B00F08859 /* rainbowlake.jpg */; };
		B1DCF4E122AD311C00F08859 /* yukon_charleyrivers.jpg in Resources */ = {isa = PBXBuildFile; fileRef = B1DCF4D522AD311B00F08859 /* yukon_charleyrivers.jpg */; };
		B1DCF4E222AD311C00F08859 /* icybay.jpg in Resources */ = {isa = PBXBuildFile; fileRef = B1DCF4D622AD311B00F08859 /* icybay.jpg */; };
		B1DCF4E322AD311C00F08859 /* chincoteague.jpg in Resources */ = {isa = PBXBuildFile; fileRef = B1DCF4D722AD311B00F08859 /* chincoteague.jpg */; };
		B1DCF4E422AD311C00F08859 /* silversalmoncreek.jpg in Resources */ = {isa = PBXBuildFile; fileRef = B1DCF4D822AD311C00F08859 /* silversalmoncreek.jpg */; };
		B1DCF4E522AD311C00F08859 /* umbagog.jpg in Resources */ = {isa = PBXBuildFile; fileRef = B1DCF4D922AD311C00F08859 /* umbagog.jpg */; };
		B1DCF4E622AD311C00F08859 /* stmarylake.jpg in Resources */ = {isa = PBXBuildFile; fileRef = B1DCF4DA22AD311C00F08859 /* stmarylake.jpg */; };
		B1DCF4E822AD34AE00F08859 /* landmarkData.json in Resources */ = {isa = PBXBuildFile; fileRef = B1DCF4BD22ACA42600F08859 /* landmarkData.json */; };
/* End PBXBuildFile section */

/* Begin PBXContainerItemProxy section */
		B167A7C722AC61C900232266 /* PBXContainerItemProxy */ = {
			isa = PBXContainerItemProxy;
			containerPortal = B167A7A822AC61C400232266 /* Project object */;
			proxyType = 1;
			remoteGlobalIDString = B167A7AF22AC61C400232266;
			remoteInfo = SwiftUIDemo;
		};
		B167A7D222AC61C900232266 /* PBXContainerItemProxy */ = {
			isa = PBXContainerItemProxy;
			containerPortal = B167A7A822AC61C400232266 /* Project object */;
			proxyType = 1;
			remoteGlobalIDString = B167A7AF22AC61C400232266;
			remoteInfo = SwiftUIDemo;
		};
/* End PBXContainerItemProxy section */

/* Begin PBXFileReference section */
		B167A7B022AC61C400232266 /* SwiftUIDemo.app */ = {isa = PBXFileReference; explicitFileType = wrapper.application; includeInIndex = 0; path = SwiftUIDemo.app; sourceTree = BUILT_PRODUCTS_DIR; };
		B167A7B322AC61C400232266 /* AppDelegate.swift */ = {isa = PBXFileReference; lastKnownFileType = sourcecode.swift; path = AppDelegate.swift; sourceTree = "<group>"; };
		B167A7B522AC61C400232266 /* SceneDelegate.swift */ = {isa = PBXFileReference; lastKnownFileType = sourcecode.swift; path = SceneDelegate.swift; sourceTree = "<group>"; };
		B167A7B922AC61C900232266 /* Assets.xcassets */ = {isa = PBXFileReference; lastKnownFileType = folder.assetcatalog; path = Assets.xcassets; sourceTree = "<group>"; };
		B167A7BC22AC61C900232266 /* Preview Assets.xcassets */ = {isa = PBXFileReference; lastKnownFileType = folder.assetcatalog; path = "Preview Assets.xcassets"; sourceTree = "<group>"; };
		B167A7BF22AC61C900232266 /* Base */ = {isa = PBXFileReference; lastKnownFileType = file.storyboard; name = Base; path = Base.lproj/LaunchScreen.storyboard; sourceTree = "<group>"; };
		B167A7C122AC61C900232266 /* Info.plist */ = {isa = PBXFileReference; lastKnownFileType = text.plist.xml; path = Info.plist; sourceTree = "<group>"; };
		B167A7C622AC61C900232266 /* SwiftUIDemoTests.xctest */ = {isa = PBXFileReference; explicitFileType = wrapper.cfbundle; includeInIndex = 0; path = SwiftUIDemoTests.xctest; sourceTree = BUILT_PRODUCTS_DIR; };
		B167A7CA22AC61C900232266 /* SwiftUIDemoTests.swift */ = {isa = PBXFileReference; lastKnownFileType = sourcecode.swift; path = SwiftUIDemoTests.swift; sourceTree = "<group>"; };
		B167A7CC22AC61C900232266 /* Info.plist */ = {isa = PBXFileReference; lastKnownFileType = text.plist.xml; path = Info.plist; sourceTree = "<group>"; };
		B167A7D122AC61C900232266 /* SwiftUIDemoUITests.xctest */ = {isa = PBXFileReference; explicitFileType = wrapper.cfbundle; includeInIndex = 0; path = SwiftUIDemoUITests.xctest; sourceTree = BUILT_PRODUCTS_DIR; };
		B167A7D522AC61C900232266 /* SwiftUIDemoUITests.swift */ = {isa = PBXFileReference; lastKnownFileType = sourcecode.swift; path = SwiftUIDemoUITests.swift; sourceTree = "<group>"; };
		B167A7D722AC61C900232266 /* Info.plist */ = {isa = PBXFileReference; lastKnownFileType = text.plist.xml; path = Info.plist; sourceTree = "<group>"; };
		B1DCF4A522AC784C00F08859 /* CircleImage.swift */ = {isa = PBXFileReference; lastKnownFileType = sourcecode.swift; path = CircleImage.swift; sourceTree = "<group>"; };
		B1DCF4A722AC78FC00F08859 /* MapView.swift */ = {isa = PBXFileReference; lastKnownFileType = sourcecode.swift; path = MapView.swift; sourceTree = "<group>"; };
		B1DCF4AF22AC973700F08859 /* LandmarkDetail.swift */ = {isa = PBXFileReference; lastKnownFileType = sourcecode.swift; path = LandmarkDetail.swift; sourceTree = "<group>"; };
		B1DCF4B122AC979400F08859 /* LandmarkRow.swift */ = {isa = PBXFileReference; lastKnownFileType = sourcecode.swift; path = LandmarkRow.swift; sourceTree = "<group>"; };
		B1DCF4B522AC99BD00F08859 /* Landmark.swift */ = {isa = PBXFileReference; lastKnownFileType = sourcecode.swift; path = Landmark.swift; sourceTree = "<group>"; };
		B1DCF4B722AC9BB200F08859 /* LandmarkList.swift */ = {isa = PBXFileReference; lastKnownFileType = sourcecode.swift; path = LandmarkList.swift; sourceTree = "<group>"; };
		B1DCF4BD22ACA42600F08859 /* landmarkData.json */ = {isa = PBXFileReference; lastKnownFileType = text.json; path = landmarkData.json; sourceTree = "<group>"; };
		B1DCF4BF22ACA8FA00F08859 /* UserData.swift */ = {isa = PBXFileReference; lastKnownFileType = sourcecode.swift; path = UserData.swift; sourceTree = "<group>"; };
		B1DCF4C322AD0D3E00F08859 /* Badge.swift */ = {isa = PBXFileReference; lastKnownFileType = sourcecode.swift; path = Badge.swift; sourceTree = "<group>"; };
		B1DCF4C522AD0D8800F08859 /* HexagonParameters.swift */ = {isa = PBXFileReference; lastKnownFileType = sourcecode.swift; path = HexagonParameters.swift; sourceTree = "<group>"; };
		B1DCF4C722AD122200F08859 /* BadgeBackground.swift */ = {isa = PBXFileReference; lastKnownFileType = sourcecode.swift; path = BadgeBackground.swift; sourceTree = "<group>"; };
		B1DCF4C922AD128B00F08859 /* BadgeSymbol.swift */ = {isa = PBXFileReference; lastKnownFileType = sourcecode.swift; path = BadgeSymbol.swift; sourceTree = "<group>"; };
		B1DCF4CB22AD12E300F08859 /* RotatedBadgeSymbol.swift */ = {isa = PBXFileReference; lastKnownFileType = sourcecode.swift; path = RotatedBadgeSymbol.swift; sourceTree = "<group>"; };
		B1DCF4CD22AD30D200F08859 /* Data.swift */ = {isa = PBXFileReference; fileEncoding = 4; lastKnownFileType = sourcecode.swift; path = Data.swift; sourceTree = "<group>"; };
		B1DCF4CF22AD311B00F08859 /* turtlerock.jpg */ = {isa = PBXFileReference; lastKnownFileType = image.jpeg; path = turtlerock.jpg; sourceTree = "<group>"; };
		B1DCF4D022AD311B00F08859 /* twinlake.jpg */ = {isa = PBXFileReference; lastKnownFileType = image.jpeg; path = twinlake.jpg; sourceTree = "<group>"; };
		B1DCF4D122AD311B00F08859 /* chilkoottrail.jpg */ = {isa = PBXFileReference; lastKnownFileType = image.jpeg; path = chilkoottrail.jpg; sourceTree = "<group>"; };
		B1DCF4D222AD311B00F08859 /* lakemcdonald.jpg */ = {isa = PBXFileReference; lastKnownFileType = image.jpeg; path = lakemcdonald.jpg; sourceTree = "<group>"; };
		B1DCF4D322AD311B00F08859 /* hiddenlake.jpg */ = {isa = PBXFileReference; lastKnownFileType = image.jpeg; path = hiddenlake.jpg; sourceTree = "<group>"; };
		B1DCF4D422AD311B00F08859 /* rainbowlake.jpg */ = {isa = PBXFileReference; lastKnownFileType = image.jpeg; path = rainbowlake.jpg; sourceTree = "<group>"; };
		B1DCF4D522AD311B00F08859 /* yukon_charleyrivers.jpg */ = {isa = PBXFileReference; lastKnownFileType = image.jpeg; path = yukon_charleyrivers.jpg; sourceTree = "<group>"; };
		B1DCF4D622AD311B00F08859 /* icybay.jpg */ = {isa = PBXFileReference; lastKnownFileType = image.jpeg; path = icybay.jpg; sourceTree = "<group>"; };
		B1DCF4D722AD311B00F08859 /* chincoteague.jpg */ = {isa = PBXFileReference; lastKnownFileType = image.jpeg; path = chincoteague.jpg; sourceTree = "<group>"; };
		B1DCF4D822AD311C00F08859 /* silversalmoncreek.jpg */ = {isa = PBXFileReference; lastKnownFileType = image.jpeg; path = silversalmoncreek.jpg; sourceTree = "<group>"; };
		B1DCF4D922AD311C00F08859 /* umbagog.jpg */ = {isa = PBXFileReference; lastKnownFileType = image.jpeg; path = umbagog.jpg; sourceTree = "<group>"; };
		B1DCF4DA22AD311C00F08859 /* stmarylake.jpg */ = {isa = PBXFileReference; lastKnownFileType = image.jpeg; path = stmarylake.jpg; sourceTree = "<group>"; };
/* End PBXFileReference section */

/* Begin PBXFrameworksBuildPhase section */
		B167A7AD22AC61C400232266 /* Frameworks */ = {
			isa = PBXFrameworksBuildPhase;
			buildActionMask = 2147483647;
			files = (
			);
			runOnlyForDeploymentPostprocessing = 0;
		};
		B167A7C322AC61C900232266 /* Frameworks */ = {
			isa = PBXFrameworksBuildPhase;
			buildActionMask = 2147483647;
			files = (
			);
			runOnlyForDeploymentPostprocessing = 0;
		};
		B167A7CE22AC61C900232266 /* Frameworks */ = {
			isa = PBXFrameworksBuildPhase;
			buildActionMask = 2147483647;
			files = (
			);
			runOnlyForDeploymentPostprocessing = 0;
		};
/* End PBXFrameworksBuildPhase section */

/* Begin PBXGroup section */
		B167A7A722AC61C400232266 = {
			isa = PBXGroup;
			children = (
				B167A7B222AC61C400232266 /* SwiftUIDemo */,
				B167A7C922AC61C900232266 /* SwiftUIDemoTests */,
				B167A7D422AC61C900232266 /* SwiftUIDemoUITests */,
				B167A7B122AC61C400232266 /* Products */,
			);
			sourceTree = "<group>";
		};
		B167A7B122AC61C400232266 /* Products */ = {
			isa = PBXGroup;
			children = (
				B167A7B022AC61C400232266 /* SwiftUIDemo.app */,
				B167A7C622AC61C900232266 /* SwiftUIDemoTests.xctest */,
				B167A7D122AC61C900232266 /* SwiftUIDemoUITests.xctest */,
			);
			name = Products;
			sourceTree = "<group>";
		};
		B167A7B222AC61C400232266 /* SwiftUIDemo */ = {
			isa = PBXGroup;
			children = (
				B1DCF4E722AD312B00F08859 /* Resources */,
				B1DCF4CD22AD30D200F08859 /* Data.swift */,
				B1DCF4B522AC99BD00F08859 /* Landmark.swift */,
				B1DCF4C322AD0D3E00F08859 /* Badge.swift */,
				B1DCF4C922AD128B00F08859 /* BadgeSymbol.swift */,
				B1DCF4CB22AD12E300F08859 /* RotatedBadgeSymbol.swift */,
				B1DCF4C722AD122200F08859 /* BadgeBackground.swift */,
				B1DCF4C522AD0D8800F08859 /* HexagonParameters.swift */,
				B1DCF4BF22ACA8FA00F08859 /* UserData.swift */,
				B1DCF4B722AC9BB200F08859 /* LandmarkList.swift */,
				B1DCF4AF22AC973700F08859 /* LandmarkDetail.swift */,
				B1DCF4B122AC979400F08859 /* LandmarkRow.swift */,
				B167A7B322AC61C400232266 /* AppDelegate.swift */,
				B167A7B522AC61C400232266 /* SceneDelegate.swift */,
				B1DCF4A522AC784C00F08859 /* CircleImage.swift */,
				B1DCF4A722AC78FC00F08859 /* MapView.swift */,
				B167A7B922AC61C900232266 /* Assets.xcassets */,
				B167A7BE22AC61C900232266 /* LaunchScreen.storyboard */,
				B167A7C122AC61C900232266 /* Info.plist */,
				B167A7BB22AC61C900232266 /* Preview Content */,
			);
			path = SwiftUIDemo;
			sourceTree = "<group>";
		};
		B167A7BB22AC61C900232266 /* Preview Content */ = {
			isa = PBXGroup;
			children = (
				B167A7BC22AC61C900232266 /* Preview Assets.xcassets */,
			);
			path = "Preview Content";
			sourceTree = "<group>";
		};
		B167A7C922AC61C900232266 /* SwiftUIDemoTests */ = {
			isa = PBXGroup;
			children = (
				B167A7CA22AC61C900232266 /* SwiftUIDemoTests.swift */,
				B167A7CC22AC61C900232266 /* Info.plist */,
			);
			path = SwiftUIDemoTests;
			sourceTree = "<group>";
		};
		B167A7D422AC61C900232266 /* SwiftUIDemoUITests */ = {
			isa = PBXGroup;
			children = (
				B167A7D522AC61C900232266 /* SwiftUIDemoUITests.swift */,
				B167A7D722AC61C900232266 /* Info.plist */,
			);
			path = SwiftUIDemoUITests;
			sourceTree = "<group>";
		};
		B1DCF4E722AD312B00F08859 /* Resources */ = {
			isa = PBXGroup;
			children = (
				B1DCF4BD22ACA42600F08859 /* landmarkData.json */,
				B1DCF4D122AD311B00F08859 /* chilkoottrail.jpg */,
				B1DCF4D722AD311B00F08859 /* chincoteague.jpg */,
				B1DCF4D322AD311B00F08859 /* hiddenlake.jpg */,
				B1DCF4D622AD311B00F08859 /* icybay.jpg */,
				B1DCF4D222AD311B00F08859 /* lakemcdonald.jpg */,
				B1DCF4D422AD311B00F08859 /* rainbowlake.jpg */,
				B1DCF4D822AD311C00F08859 /* silversalmoncreek.jpg */,
				B1DCF4DA22AD311C00F08859 /* stmarylake.jpg */,
				B1DCF4CF22AD311B00F08859 /* turtlerock.jpg */,
				B1DCF4D022AD311B00F08859 /* twinlake.jpg */,
				B1DCF4D922AD311C00F08859 /* umbagog.jpg */,
				B1DCF4D522AD311B00F08859 /* yukon_charleyrivers.jpg */,
			);
			path = Resources;
			sourceTree = "<group>";
		};
/* End PBXGroup section */

/* Begin PBXNativeTarget section */
		B167A7AF22AC61C400232266 /* SwiftUIDemo */ = {
			isa = PBXNativeTarget;
			buildConfigurationList = B167A7DA22AC61C900232266 /* Build configuration list for PBXNativeTarget "SwiftUIDemo" */;
			buildPhases = (
				B167A7AC22AC61C400232266 /* Sources */,
				B167A7AD22AC61C400232266 /* Frameworks */,
				B167A7AE22AC61C400232266 /* Resources */,
			);
			buildRules = (
			);
			dependencies = (
			);
			name = SwiftUIDemo;
			productName = SwiftUIDemo;
			productReference = B167A7B022AC61C400232266 /* SwiftUIDemo.app */;
			productType = "com.apple.product-type.application";
		};
		B167A7C522AC61C900232266 /* SwiftUIDemoTests */ = {
			isa = PBXNativeTarget;
			buildConfigurationList = B167A7DD22AC61C900232266 /* Build configuration list for PBXNativeTarget "SwiftUIDemoTests" */;
			buildPhases = (
				B167A7C222AC61C900232266 /* Sources */,
				B167A7C322AC61C900232266 /* Frameworks */,
				B167A7C422AC61C900232266 /* Resources */,
			);
			buildRules = (
			);
			dependencies = (
				B167A7C822AC61C900232266 /* PBXTargetDependency */,
			);
			name = SwiftUIDemoTests;
			productName = SwiftUIDemoTests;
			productReference = B167A7C622AC61C900232266 /* SwiftUIDemoTests.xctest */;
			productType = "com.apple.product-type.bundle.unit-test";
		};
		B167A7D022AC61C900232266 /* SwiftUIDemoUITests */ = {
			isa = PBXNativeTarget;
			buildConfigurationList = B167A7E022AC61C900232266 /* Build configuration list for PBXNativeTarget "SwiftUIDemoUITests" */;
			buildPhases = (
				B167A7CD22AC61C900232266 /* Sources */,
				B167A7CE22AC61C900232266 /* Frameworks */,
				B167A7CF22AC61C900232266 /* Resources */,
			);
			buildRules = (
			);
			dependencies = (
				B167A7D322AC61C900232266 /* PBXTargetDependency */,
			);
			name = SwiftUIDemoUITests;
			productName = SwiftUIDemoUITests;
			productReference = B167A7D122AC61C900232266 /* SwiftUIDemoUITests.xctest */;
			productType = "com.apple.product-type.bundle.ui-testing";
		};
/* End PBXNativeTarget section */

/* Begin PBXProject section */
		B167A7A822AC61C400232266 /* Project object */ = {
			isa = PBXProject;
			attributes = {
				LastSwiftUpdateCheck = 1100;
				LastUpgradeCheck = 1100;
				ORGANIZATIONNAME = "唐桂富";
				TargetAttributes = {
					B167A7AF22AC61C400232266 = {
						CreatedOnToolsVersion = 11.0;
					};
					B167A7C522AC61C900232266 = {
						CreatedOnToolsVersion = 11.0;
						TestTargetID = B167A7AF22AC61C400232266;
					};
					B167A7D022AC61C900232266 = {
						CreatedOnToolsVersion = 11.0;
						TestTargetID = B167A7AF22AC61C400232266;
					};
				};
			};
			buildConfigurationList = B167A7AB22AC61C400232266 /* Build configuration list for PBXProject "SwiftUIDemo" */;
			compatibilityVersion = "Xcode 9.3";
			developmentRegion = en;
			hasScannedForEncodings = 0;
			knownRegions = (
				en,
				Base,
			);
			mainGroup = B167A7A722AC61C400232266;
			productRefGroup = B167A7B122AC61C400232266 /* Products */;
			projectDirPath = "";
			projectRoot = "";
			targets = (
				B167A7AF22AC61C400232266 /* SwiftUIDemo */,
				B167A7C522AC61C900232266 /* SwiftUIDemoTests */,
				B167A7D022AC61C900232266 /* SwiftUIDemoUITests */,
			);
		};
/* End PBXProject section */

/* Begin PBXResourcesBuildPhase section */
		B167A7AE22AC61C400232266 /* Resources */ = {
			isa = PBXResourcesBuildPhase;
			buildActionMask = 2147483647;
			files = (
				B1DCF4E822AD34AE00F08859 /* landmarkData.json in Resources */,
				B1DCF4E422AD311C00F08859 /* silversalmoncreek.jpg in Resources */,
				B1DCF4DE22AD311C00F08859 /* lakemcdonald.jpg in Resources */,
				B1DCF4E522AD311C00F08859 /* umbagog.jpg in Resources */,
				B1DCF4DB22AD311C00F08859 /* turtlerock.jpg in Resources */,
				B1DCF4DD22AD311C00F08859 /* chilkoottrail.jpg in Resources */,
				B1DCF4DC22AD311C00F08859 /* twinlake.jpg in Resources */,
				B1DCF4E622AD311C00F08859 /* stmarylake.jpg in Resources */,
				B1DCF4E222AD311C00F08859 /* icybay.jpg in Resources */,
				B1DCF4E122AD311C00F08859 /* yukon_charleyrivers.jpg in Resources */,
				B1DCF4E322AD311C00F08859 /* chincoteague.jpg in Resources */,
				B167A7C022AC61C900232266 /* LaunchScreen.storyboard in Resources */,
				B167A7BD22AC61C900232266 /* Preview Assets.xcassets in Resources */,
				B1DCF4DF22AD311C00F08859 /* hiddenlake.jpg in Resources */,
				B1DCF4E022AD311C00F08859 /* rainbowlake.jpg in Resources */,
				B167A7BA22AC61C900232266 /* Assets.xcassets in Resources */,
			);
			runOnlyForDeploymentPostprocessing = 0;
		};
		B167A7C422AC61C900232266 /* Resources */ = {
			isa = PBXResourcesBuildPhase;
			buildActionMask = 2147483647;
			files = (
			);
			runOnlyForDeploymentPostprocessing = 0;
		};
		B167A7CF22AC61C900232266 /* Resources */ = {
			isa = PBXResourcesBuildPhase;
			buildActionMask = 2147483647;
			files = (
			);
			runOnlyForDeploymentPostprocessing = 0;
		};
/* End PBXResourcesBuildPhase section */

/* Begin PBXSourcesBuildPhase section */
		B167A7AC22AC61C400232266 /* Sources */ = {
			isa = PBXSourcesBuildPhase;
			buildActionMask = 2147483647;
			files = (
				B1DCF4C622AD0D8800F08859 /* HexagonParameters.swift in Sources */,
				B167A7B422AC61C400232266 /* AppDelegate.swift in Sources */,
				B1DCF4BE22ACA42600F08859 /* landmarkData.json in Sources */,
				B1DCF4C422AD0D3E00F08859 /* Badge.swift in Sources */,
				B1DCF4A622AC784C00F08859 /* CircleImage.swift in Sources */,
				B1DCF4A822AC78FC00F08859 /* MapView.swift in Sources */,
				B1DCF4B622AC99BD00F08859 /* Landmark.swift in Sources */,
				B1DCF4CA22AD128B00F08859 /* BadgeSymbol.swift in Sources */,
				B1DCF4CC22AD12E300F08859 /* RotatedBadgeSymbol.swift in Sources */,
				B1DCF4B822AC9BB200F08859 /* LandmarkList.swift in Sources */,
				B1DCF4C822AD122200F08859 /* BadgeBackground.swift in Sources */,
				B167A7B622AC61C400232266 /* SceneDelegate.swift in Sources */,
				B1DCF4B222AC979400F08859 /* LandmarkRow.swift in Sources */,
				B1DCF4C022ACA8FA00F08859 /* UserData.swift in Sources */,
				B1DCF4B022AC973700F08859 /* LandmarkDetail.swift in Sources */,
				B1DCF4CE22AD30D200F08859 /* Data.swift in Sources */,
			);
			runOnlyForDeploymentPostprocessing = 0;
		};
		B167A7C222AC61C900232266 /* Sources */ = {
			isa = PBXSourcesBuildPhase;
			buildActionMask = 2147483647;
			files = (
				B167A7CB22AC61C900232266 /* SwiftUIDemoTests.swift in Sources */,
			);
			runOnlyForDeploymentPostprocessing = 0;
		};
		B167A7CD22AC61C900232266 /* Sources */ = {
			isa = PBXSourcesBuildPhase;
			buildActionMask = 2147483647;
			files = (
				B167A7D622AC61C900232266 /* SwiftUIDemoUITests.swift in Sources */,
			);
			runOnlyForDeploymentPostprocessing = 0;
		};
/* End PBXSourcesBuildPhase section */

/* Begin PBXTargetDependency section */
		B167A7C822AC61C900232266 /* PBXTargetDependency */ = {
			isa = PBXTargetDependency;
			target = B167A7AF22AC61C400232266 /* SwiftUIDemo */;
			targetProxy = B167A7C722AC61C900232266 /* PBXContainerItemProxy */;
		};
		B167A7D322AC61C900232266 /* PBXTargetDependency */ = {
			isa = PBXTargetDependency;
			target = B167A7AF22AC61C400232266 /* SwiftUIDemo */;
			targetProxy = B167A7D222AC61C900232266 /* PBXContainerItemProxy */;
		};
/* End PBXTargetDependency section */

/* Begin PBXVariantGroup section */
		B167A7BE22AC61C900232266 /* LaunchScreen.storyboard */ = {
			isa = PBXVariantGroup;
			children = (
				B167A7BF22AC61C900232266 /* Base */,
			);
			name = LaunchScreen.storyboard;
			sourceTree = "<group>";
		};
/* End PBXVariantGroup section */

/* Begin XCBuildConfiguration section */
		B167A7D822AC61C900232266 /* Debug */ = {
			isa = XCBuildConfiguration;
			buildSettings = {
				ALWAYS_SEARCH_USER_PATHS = NO;
				CLANG_ANALYZER_NONNULL = YES;
				CLANG_ANALYZER_NUMBER_OBJECT_CONVERSION = YES_AGGRESSIVE;
				CLANG_CXX_LANGUAGE_STANDARD = "gnu++14";
				CLANG_CXX_LIBRARY = "libc++";
				CLANG_ENABLE_MODULES = YES;
				CLANG_ENABLE_OBJC_ARC = YES;
				CLANG_ENABLE_OBJC_WEAK = YES;
				CLANG_WARN_BLOCK_CAPTURE_AUTORELEASING = YES;
				CLANG_WARN_BOOL_CONVERSION = YES;
				CLANG_WARN_COMMA = YES;
				CLANG_WARN_CONSTANT_CONVERSION = YES;
				CLANG_WARN_DEPRECATED_OBJC_IMPLEMENTATIONS = YES;
				CLANG_WARN_DIRECT_OBJC_ISA_USAGE = YES_ERROR;
				CLANG_WARN_DOCUMENTATION_COMMENTS = YES;
				CLANG_WARN_EMPTY_BODY = YES;
				CLANG_WARN_ENUM_CONVERSION = YES;
				CLANG_WARN_INFINITE_RECURSION = YES;
				CLANG_WARN_INT_CONVERSION = YES;
				CLANG_WARN_NON_LITERAL_NULL_CONVERSION = YES;
				CLANG_WARN_OBJC_IMPLICIT_RETAIN_SELF = YES;
				CLANG_WARN_OBJC_LITERAL_CONVERSION = YES;
				CLANG_WARN_OBJC_ROOT_CLASS = YES_ERROR;
				CLANG_WARN_RANGE_LOOP_ANALYSIS = YES;
				CLANG_WARN_STRICT_PROTOTYPES = YES;
				CLANG_WARN_SUSPICIOUS_MOVE = YES;
				CLANG_WARN_UNGUARDED_AVAILABILITY = YES_AGGRESSIVE;
				CLANG_WARN_UNREACHABLE_CODE = YES;
				CLANG_WARN__DUPLICATE_METHOD_MATCH = YES;
				COPY_PHASE_STRIP = NO;
				DEBUG_INFORMATION_FORMAT = dwarf;
				ENABLE_STRICT_OBJC_MSGSEND = YES;
				ENABLE_TESTABILITY = YES;
				GCC_C_LANGUAGE_STANDARD = gnu11;
				GCC_DYNAMIC_NO_PIC = NO;
				GCC_NO_COMMON_BLOCKS = YES;
				GCC_OPTIMIZATION_LEVEL = 0;
				GCC_PREPROCESSOR_DEFINITIONS = (
					"DEBUG=1",
					"$(inherited)",
				);
				GCC_WARN_64_TO_32_BIT_CONVERSION = YES;
				GCC_WARN_ABOUT_RETURN_TYPE = YES_ERROR;
				GCC_WARN_UNDECLARED_SELECTOR = YES;
				GCC_WARN_UNINITIALIZED_AUTOS = YES_AGGRESSIVE;
				GCC_WARN_UNUSED_FUNCTION = YES;
				GCC_WARN_UNUSED_VARIABLE = YES;
				IPHONEOS_DEPLOYMENT_TARGET = 13.0;
				MTL_ENABLE_DEBUG_INFO = INCLUDE_SOURCE;
				MTL_FAST_MATH = YES;
				ONLY_ACTIVE_ARCH = YES;
				SDKROOT = iphoneos;
				SWIFT_ACTIVE_COMPILATION_CONDITIONS = DEBUG;
				SWIFT_OPTIMIZATION_LEVEL = "-Onone";
			};
			name = Debug;
		};
		B167A7D922AC61C900232266 /* Release */ = {
			isa = XCBuildConfiguration;
			buildSettings = {
				ALWAYS_SEARCH_USER_PATHS = NO;
				CLANG_ANALYZER_NONNULL = YES;
				CLANG_ANALYZER_NUMBER_OBJECT_CONVERSION = YES_AGGRESSIVE;
				CLANG_CXX_LANGUAGE_STANDARD = "gnu++14";
				CLANG_CXX_LIBRARY = "libc++";
				CLANG_ENABLE_MODULES = YES;
				CLANG_ENABLE_OBJC_ARC = YES;
				CLANG_ENABLE_OBJC_WEAK = YES;
				CLANG_WARN_BLOCK_CAPTURE_AUTORELEASING = YES;
				CLANG_WARN_BOOL_CONVERSION = YES;
				CLANG_WARN_COMMA = YES;
				CLANG_WARN_CONSTANT_CONVERSION = YES;
				CLANG_WARN_DEPRECATED_OBJC_IMPLEMENTATIONS = YES;
				CLANG_WARN_DIRECT_OBJC_ISA_USAGE = YES_ERROR;
				CLANG_WARN_DOCUMENTATION_COMMENTS = YES;
				CLANG_WARN_EMPTY_BODY = YES;
				CLANG_WARN_ENUM_CONVERSION = YES;
				CLANG_WARN_INFINITE_RECURSION = YES;
				CLANG_WARN_INT_CONVERSION = YES;
				CLANG_WARN_NON_LITERAL_NULL_CONVERSION = YES;
				CLANG_WARN_OBJC_IMPLICIT_RETAIN_SELF = YES;
				CLANG_WARN_OBJC_LITERAL_CONVERSION = YES;
				CLANG_WARN_OBJC_ROOT_CLASS = YES_ERROR;
				CLANG_WARN_RANGE_LOOP_ANALYSIS = YES;
				CLANG_WARN_STRICT_PROTOTYPES = YES;
				CLANG_WARN_SUSPICIOUS_MOVE = YES;
				CLANG_WARN_UNGUARDED_AVAILABILITY = YES_AGGRESSIVE;
				CLANG_WARN_UNREACHABLE_CODE = YES;
				CLANG_WARN__DUPLICATE_METHOD_MATCH = YES;
				COPY_PHASE_STRIP = NO;
				DEBUG_INFORMATION_FORMAT = "dwarf-with-dsym";
				ENABLE_NS_ASSERTIONS = NO;
				ENABLE_STRICT_OBJC_MSGSEND = YES;
				GCC_C_LANGUAGE_STANDARD = gnu11;
				GCC_NO_COMMON_BLOCKS = YES;
				GCC_WARN_64_TO_32_BIT_CONVERSION = YES;
				GCC_WARN_ABOUT_RETURN_TYPE = YES_ERROR;
				GCC_WARN_UNDECLARED_SELECTOR = YES;
				GCC_WARN_UNINITIALIZED_AUTOS = YES_AGGRESSIVE;
				GCC_WARN_UNUSED_FUNCTION = YES;
				GCC_WARN_UNUSED_VARIABLE = YES;
				IPHONEOS_DEPLOYMENT_TARGET = 13.0;
				MTL_ENABLE_DEBUG_INFO = NO;
				MTL_FAST_MATH = YES;
				SDKROOT = iphoneos;
				SWIFT_COMPILATION_MODE = wholemodule;
				SWIFT_OPTIMIZATION_LEVEL = "-O";
				VALIDATE_PRODUCT = YES;
			};
			name = Release;
		};
		B167A7DB22AC61C900232266 /* Debug */ = {
			isa = XCBuildConfiguration;
			buildSettings = {
				ASSETCATALOG_COMPILER_APPICON_NAME = AppIcon;
				CODE_SIGN_STYLE = Automatic;
				DEVELOPMENT_ASSET_PATHS = "SwiftUIDemo/Preview\\ Content";
				DEVELOPMENT_TEAM = LJSWRPUB56;
				ENABLE_PREVIEWS = YES;
				INFOPLIST_FILE = SwiftUIDemo/Info.plist;
				LD_RUNPATH_SEARCH_PATHS = (
					"$(inherited)",
					"@executable_path/Frameworks",
				);
				PRODUCT_BUNDLE_IDENTIFIER = com.tang.guifu.SwiftUIDemo;
				PRODUCT_NAME = "$(TARGET_NAME)";
				SWIFT_VERSION = 5.0;
				TARGETED_DEVICE_FAMILY = "1,2";
			};
			name = Debug;
		};
		B167A7DC22AC61C900232266 /* Release */ = {
			isa = XCBuildConfiguration;
			buildSettings = {
				ASSETCATALOG_COMPILER_APPICON_NAME = AppIcon;
				CODE_SIGN_STYLE = Automatic;
				DEVELOPMENT_ASSET_PATHS = "SwiftUIDemo/Preview\\ Content";
				DEVELOPMENT_TEAM = LJSWRPUB56;
				ENABLE_PREVIEWS = YES;
				INFOPLIST_FILE = SwiftUIDemo/Info.plist;
				LD_RUNPATH_SEARCH_PATHS = (
					"$(inherited)",
					"@executable_path/Frameworks",
				);
				PRODUCT_BUNDLE_IDENTIFIER = com.tang.guifu.SwiftUIDemo;
				PRODUCT_NAME = "$(TARGET_NAME)";
				SWIFT_VERSION = 5.0;
				TARGETED_DEVICE_FAMILY = "1,2";
			};
			name = Release;
		};
		B167A7DE22AC61C900232266 /* Debug */ = {
			isa = XCBuildConfiguration;
			buildSettings = {
				ALWAYS_EMBED_SWIFT_STANDARD_LIBRARIES = YES;
				BUNDLE_LOADER = "$(TEST_HOST)";
				CODE_SIGN_STYLE = Automatic;
				DEVELOPMENT_TEAM = LJSWRPUB56;
				INFOPLIST_FILE = SwiftUIDemoTests/Info.plist;
				LD_RUNPATH_SEARCH_PATHS = (
					"$(inherited)",
					"@executable_path/Frameworks",
					"@loader_path/Frameworks",
				);
				PRODUCT_BUNDLE_IDENTIFIER = com.tang.guifu.SwiftUIDemoTests;
				PRODUCT_NAME = "$(TARGET_NAME)";
				SWIFT_VERSION = 5.0;
				TARGETED_DEVICE_FAMILY = "1,2";
				TEST_HOST = "$(BUILT_PRODUCTS_DIR)/SwiftUIDemo.app/SwiftUIDemo";
			};
			name = Debug;
		};
		B167A7DF22AC61C900232266 /* Release */ = {
			isa = XCBuildConfiguration;
			buildSettings = {
				ALWAYS_EMBED_SWIFT_STANDARD_LIBRARIES = YES;
				BUNDLE_LOADER = "$(TEST_HOST)";
				CODE_SIGN_STYLE = Automatic;
				DEVELOPMENT_TEAM = LJSWRPUB56;
				INFOPLIST_FILE = SwiftUIDemoTests/Info.plist;
				LD_RUNPATH_SEARCH_PATHS = (
					"$(inherited)",
					"@executable_path/Frameworks",
					"@loader_path/Frameworks",
				);
				PRODUCT_BUNDLE_IDENTIFIER = com.tang.guifu.SwiftUIDemoTests;
				PRODUCT_NAME = "$(TARGET_NAME)";
				SWIFT_VERSION = 5.0;
				TARGETED_DEVICE_FAMILY = "1,2";
				TEST_HOST = "$(BUILT_PRODUCTS_DIR)/SwiftUIDemo.app/SwiftUIDemo";
			};
			name = Release;
		};
		B167A7E122AC61C900232266 /* Debug */ = {
			isa = XCBuildConfiguration;
			buildSettings = {
				ALWAYS_EMBED_SWIFT_STANDARD_LIBRARIES = YES;
				CODE_SIGN_STYLE = Automatic;
				DEVELOPMENT_TEAM = LJSWRPUB56;
				INFOPLIST_FILE = SwiftUIDemoUITests/Info.plist;
				LD_RUNPATH_SEARCH_PATHS = (
					"$(inherited)",
					"@executable_path/Frameworks",
					"@loader_path/Frameworks",
				);
				PRODUCT_BUNDLE_IDENTIFIER = com.tang.guifu.SwiftUIDemoUITests;
				PRODUCT_NAME = "$(TARGET_NAME)";
				SWIFT_VERSION = 5.0;
				TARGETED_DEVICE_FAMILY = "1,2";
				TEST_TARGET_NAME = SwiftUIDemo;
			};
			name = Debug;
		};
		B167A7E222AC61C900232266 /* Release */ = {
			isa = XCBuildConfiguration;
			buildSettings = {
				ALWAYS_EMBED_SWIFT_STANDARD_LIBRARIES = YES;
				CODE_SIGN_STYLE = Automatic;
				DEVELOPMENT_TEAM = LJSWRPUB56;
				INFOPLIST_FILE = SwiftUIDemoUITests/Info.plist;
				LD_RUNPATH_SEARCH_PATHS = (
					"$(inherited)",
					"@executable_path/Frameworks",
					"@loader_path/Frameworks",
				);
				PRODUCT_BUNDLE_IDENTIFIER = com.tang.guifu.SwiftUIDemoUITests;
				PRODUCT_NAME = "$(TARGET_NAME)";
				SWIFT_VERSION = 5.0;
				TARGETED_DEVICE_FAMILY = "1,2";
				TEST_TARGET_NAME = SwiftUIDemo;
			};
			name = Release;
		};
/* End XCBuildConfiguration section */

/* Begin XCConfigurationList section */
		B167A7AB22AC61C400232266 /* Build configuration list for PBXProject "SwiftUIDemo" */ = {
			isa = XCConfigurationList;
			buildConfigurations = (
				B167A7D822AC61C900232266 /* Debug */,
				B167A7D922AC61C900232266 /* Release */,
			);
			defaultConfigurationIsVisible = 0;
			defaultConfigurationName = Release;
		};
		B167A7DA22AC61C900232266 /* Build configuration list for PBXNativeTarget "SwiftUIDemo" */ = {
			isa = XCConfigurationList;
			buildConfigurations = (
				B167A7DB22AC61C900232266 /* Debug */,
				B167A7DC22AC61C900232266 /* Release */,
			);
			defaultConfigurationIsVisible = 0;
			defaultConfigurationName = Release;
		};
		B167A7DD22AC61C900232266 /* Build configuration list for PBXNativeTarget "SwiftUIDemoTests" */ = {
			isa = XCConfigurationList;
			buildConfigurations = (
				B167A7DE22AC61C900232266 /* Debug */,
				B167A7DF22AC61C900232266 /* Release */,
			);
			defaultConfigurationIsVisible = 0;
			defaultConfigurationName = Release;
		};
		B167A7E022AC61C900232266 /* Build configuration list for PBXNativeTarget "SwiftUIDemoUITests" */ = {
			isa = XCConfigurationList;
			buildConfigurations = (
				B167A7E122AC61C900232266 /* Debug */,
				B167A7E222AC61C900232266 /* Release */,
			);
			defaultConfigurationIsVisible = 0;
			defaultConfigurationName = Release;
		};
/* End XCConfigurationList section */
	};
	rootObject = B167A7A822AC61C400232266 /* Project object */;
}
